
Microsoft Visual Studio Solution File, Format Version 12.00
# Visual Studio 14
VisualStudioVersion = 14.0.24720.0
MinimumVisualStudioVersion = 10.0.40219.1
Project("{2150E333-8FDC-42A3-9474-1A3956D46DE8}") = "Homework", "Homework", "{D8352C0E-04AC-4C59-B471-10520FABF1FD}"
EndProject
Project("{2150E333-8FDC-42A3-9474-1A3956D46DE8}") = "Exam and Preparation", "Exam and Preparation", "{B1A04EA4-933C-43C2-A998-5721B81FA065}"
EndProject
Project("{2150E333-8FDC-42A3-9474-1A3956D46DE8}") = "02. Naming Identifiers", "02. Naming Identifiers", "{B40C4042-BF22-4AB0-83A9-21EFD24028E9}"
EndProject
Project("{2150E333-8FDC-42A3-9474-1A3956D46DE8}") = "Broken Solution", "Broken Solution", "{DA94A691-800F-40EA-B2C1-38DCF11A5CCA}"
EndProject
Project("{2150E333-8FDC-42A3-9474-1A3956D46DE8}") = "Fixed Solution", "Fixed Solution", "{D2F2D319-6D41-4225-B0E0-4C79B0F95A09}"
EndProject
Project("{FAE04EC0-301F-11D3-BF4B-00C04F79EFBC}") = "3. Application2", "HomeWork\02.Naming Identifiers Homework\Broken Solution\Application2\3. Application2.csproj", "{E2B7BED8-5433-40ED-9870-4E775782E5ED}"
EndProject
Project("{FAE04EC0-301F-11D3-BF4B-00C04F79EFBC}") = "1. ConsoleApplication1", "HomeWork\02.Naming Identifiers Homework\Broken Solution\ConsoleApplication1\1. ConsoleApplication1.csproj", "{F93E5A43-0119-4961-B21C-BDF4A1FBE9AD}"
EndProject
Project("{FAE04EC0-301F-11D3-BF4B-00C04F79EFBC}") = "2. Orders", "HomeWork\02.Naming Identifiers Homework\Broken Solution\Orders\2. Orders.csproj", "{32FFFB9D-C7B7-4D0B-9392-231F62595912}"
EndProject
Project("{FAE04EC0-301F-11D3-BF4B-00C04F79EFBC}") = "2. Orders", "HomeWork\02.Naming Identifiers Homework\Fixed Solution\Fixed_02.Orders\2. Orders.csproj", "{FCFBAF44-E577-4F25-ACA4-5527E41815D6}"
EndProject
Project("{FAE04EC0-301F-11D3-BF4B-00C04F79EFBC}") = "1. MultiplyArrays", "HomeWork\02.Naming Identifiers Homework\Fixed Solution\Fixed_01.MultiplyArrays\1. MultiplyArrays.csproj", "{66482B32-AA4C-4FE4-A35F-00030B61F64A}"
EndProject
Project("{FAE04EC0-301F-11D3-BF4B-00C04F79EFBC}") = "3. MineSweeper", "HomeWork\02.Naming Identifiers Homework\Fixed Solution\Fixed_03.MineSweeper\3. MineSweeper.csproj", "{1429F91C-D860-4F06-86BC-68338CBEACA9}"
EndProject
Project("{2150E333-8FDC-42A3-9474-1A3956D46DE8}") = "03. Code-Formatting", "03. Code-Formatting", "{EC38B534-CC00-4B9D-8DA5-8CA8F31BDCCB}"
EndProject
Project("{2150E333-8FDC-42A3-9474-1A3956D46DE8}") = "Problem 1. Reformat Code", "Problem 1. Reformat Code", "{D3B93B35-735F-4A28-B962-93040B71FDE4}"
EndProject
Project("{2150E333-8FDC-42A3-9474-1A3956D46DE8}") = "Problem 2. Reformat Your Own Code", "Problem 2. Reformat Your Own Code", "{1C596226-6602-482E-9BB1-097C18F90860}"
EndProject
Project("{FAE04EC0-301F-11D3-BF4B-00C04F79EFBC}") = "ReformatCode", "HomeWork\03. Formatting Code\ReformatCode\ReformatCode.csproj", "{41C6AD9F-4984-4067-B87D-349BE7234487}"
EndProject
Project("{FAE04EC0-301F-11D3-BF4B-00C04F79EFBC}") = "ReformatYourCode", "HomeWork\03. Formatting Code\ReformatYourCode\ReformatYourCode.csproj", "{565314C2-C337-4AC7-BD7B-5EE133E53097}"
EndProject
Project("{2150E333-8FDC-42A3-9474-1A3956D46DE8}") = "04. Code Documentation and Comments", "04. Code Documentation and Comments", "{E4466A1E-62B3-49E7-B544-C88034F9A67C}"
EndProject
Project("{FAE04EC0-301F-11D3-BF4B-00C04F79EFBC}") = "StringExtensions", "HomeWork\04. Code Documentation\StringExtensions\StringExtensions.csproj", "{2730A86B-F565-4276-8925-A36BC8A987AF}"
EndProject
Project("{2150E333-8FDC-42A3-9474-1A3956D46DE8}") = "07. High-Quality-Methods", "07. High-Quality-Methods", "{B547742C-2D9B-4924-9A17-DA72A3AFCB58}"
EndProject
Project("{FAE04EC0-301F-11D3-BF4B-00C04F79EFBC}") = "Methods", "HomeWork\07. High-Quality-Methods\Problem 1.Refactor Methods\Methods.csproj", "{C041AAA8-7BA0-4385-A678-1D9003C1952D}"
EndProject
Project("{2150E333-8FDC-42A3-9474-1A3956D46DE8}") = "08. High-Quality-Classes", "08. High-Quality-Classes", "{4D8A8081-2E75-4CF7-BB32-060FC484FC97}"
EndProject
Project("{FAE04EC0-301F-11D3-BF4B-00C04F79EFBC}") = "Problem 1,2. Abstraction and Encapsulation", "HomeWork\08. High-Quality-Classes\Problem 1,2.Abstraction and Encapsulation\Problem 1,2. Abstraction and Encapsulation.csproj", "{E2BD3DC8-7DD6-4349-BEAA-7A0BC38846DE}"
EndProject
Project("{FAE04EC0-301F-11D3-BF4B-00C04F79EFBC}") = "Problem 3.Cohesion and Coupling", "HomeWork\08. High-Quality-Classes\Problem 3.Cohesion and Coupling\Problem 3.Cohesion and Coupling.csproj", "{268AEC63-DABA-4607-8E60-997E09EB5F2C}"
EndProject
Project("{FAE04EC0-301F-11D3-BF4B-00C04F79EFBC}") = "Problem 4.Inheritance and Polymorphism", "HomeWork\08. High-Quality-Classes\Problem 4.Inheritance and Polymorphism\Problem 4.Inheritance and Polymorphism.csproj", "{CC40B053-CC90-4956-8591-01AC016C3188}"
EndProject
Project("{2150E333-8FDC-42A3-9474-1A3956D46DE8}") = "09. DefensiveProgramming", "09. DefensiveProgramming", "{BE5C2FB1-2571-482A-AF44-61724A57DCFA}"
EndProject
Project("{FAE04EC0-301F-11D3-BF4B-00C04F79EFBC}") = "Problem 1. Assertions", "HomeWork\09. DefensiveProgramming\Problem 1.Assertions\Problem 1. Assertions.csproj", "{840DED57-5767-4E3F-BCF1-CF91ECDFA1C8}"
EndProject
Project("{FAE04EC0-301F-11D3-BF4B-00C04F79EFBC}") = "Problem 2. Exceptions", "HomeWork\09. DefensiveProgramming\Problem 2.Exceptions\Problem 2. Exceptions.csproj", "{DB5812C6-8809-432A-938B-BEDD67FFAF79}"
EndProject
Project("{2150E333-8FDC-42A3-9474-1A3956D46DE8}") = "10.CodeTuningOptimizations", "10.CodeTuningOptimizations", "{A9A3F4DD-353D-4E62-9014-4B202B1267A9}"
EndProject
Project("{FAE04EC0-301F-11D3-BF4B-00C04F79EFBC}") = "Problem 1. Clean the Smelly Code", "HomeWork\10.CodeTuningOptimizations\Problem 1.Clean the Smelly Code\Problem 1. Clean the Smelly Code.csproj", "{2F30E9AF-8256-40AF-B356-EA14E55CE9D7}"
EndProject
Project("{FAE04EC0-301F-11D3-BF4B-00C04F79EFBC}") = "Problem 2.PerformanceOfOperations", "HomeWork\10.CodeTuningOptimizations\Problem 2.Performance of operations\Problem 2.PerformanceOfOperations.csproj", "{7CF30770-E68A-4DCE-ABE0-CE7E5B196A6C}"
EndProject
Project("{FAE04EC0-301F-11D3-BF4B-00C04F79EFBC}") = "Problem 4.CompareDataStructures", "HomeWork\10.CodeTuningOptimizations\Problem 4. Compare Data Structures\Problem 4.CompareDataStructures.csproj", "{70DB8E78-8C21-41F9-AE1E-49BB199ADEA5}"
EndProject
Project("{FAE04EC0-301F-11D3-BF4B-00C04F79EFBC}") = "Problem 3. Compare Sorting Algorithms", "HomeWork\10.CodeTuningOptimizations\Problem 3. Compare Sorting Algorithms\Problem 3. Compare Sorting Algorithms.csproj", "{6100D0AB-3FD6-4671-A6EF-599DA7D0EC69}"
EndProject
Project("{2150E333-8FDC-42A3-9474-1A3956D46DE8}") = "11.Unit Testing", "11.Unit Testing", "{2104FDED-821B-468F-8194-8279DC95A681}"
EndProject
Project("{FAE04EC0-301F-11D3-BF4B-00C04F79EFBC}") = "CustomLinkedList", "HomeWork\11.UnitTestingHomework\Problem 1.Custom Linked List\CustomLinkedList\CustomLinkedList.csproj", "{D76A4DAE-A496-4BDE-ACB7-F2E628CB6605}"
EndProject
Project("{FAE04EC0-301F-11D3-BF4B-00C04F79EFBC}") = "CustomLinkedListTests", "HomeWork\11.UnitTestingHomework\Problem 1.Custom Linked List\CustomLinkedListTests\CustomLinkedListTests.csproj", "{9E9C1E91-0035-40BD-9EF4-B0FF557D3AFD}"
EndProject
Project("{2150E333-8FDC-42A3-9474-1A3956D46DE8}") = "13.SOLID Principles", "13.SOLID Principles", "{BC1DDF9F-1A62-4AD5-A21A-56116E093BC3}"
EndProject
Project("{FAE04EC0-301F-11D3-BF4B-00C04F79EFBC}") = "13.SOLIDLogger", "HomeWork\13.SOLIDLogger\SOLIDLogger\13.SOLIDLogger.csproj", "{0A0B12FB-FF29-4BDA-B326-7A8C78C116EA}"
EndProject
Project("{2150E333-8FDC-42A3-9474-1A3956D46DE8}") = "Exam 07.02.2016", "Exam 07.02.2016", "{F5704C42-7351-48E7-B7EB-B1B2C2DD683B}"
EndProject
Project("{2150E333-8FDC-42A3-9474-1A3956D46DE8}") = "Preparation", "Preparation", "{C9A3BE09-3606-4CEC-9193-FDB8EEDE426C}"
EndProject
Project("{FAE04EC0-301F-11D3-BF4B-00C04F79EFBC}") = "AirConditionTest", "Exam and Preparation\Exam\Air Conditioner Tester System_Скелет\Air Conditioner Testing System_Skeleton\AirConditionTest\AirConditionTest.csproj", "{AB5CD720-F2E9-48DA-BF4C-9CC69F369F2E}"
EndProject
Project("{FAE04EC0-301F-11D3-BF4B-00C04F79EFBC}") = "AirConditionerSystem", "Exam and Preparation\Exam\Air Conditioner Tester System_Скелет\Air Conditioner Testing System_Skeleton\AirCondioner\AirConditionerSystem.csproj", "{6F364073-495F-4503-93ED-DBE74E6BF918}"
EndProject
Project("{FAE04EC0-301F-11D3-BF4B-00C04F79EFBC}") = "Chepelare Booking", "Exam and Preparation\Judge Exam Preparation\ChepelareHotel 21.10.2015\Chepelare\Chepelare Booking.csproj", "{45C30131-BED7-4495-86EF-09FF9C4E7193}"
EndProject
Project("{FAE04EC0-301F-11D3-BF4B-00C04F79EFBC}") = "BangaloreUniversityLearningSystem", "Exam and Preparation\Judge Exam Preparation\Bangalore University 23.08.2015\BangaloreUniversityLearningSystem\BangaloreUniversityLearningSystem.csproj", "{C70CD24F-A17F-4665-A816-6FE3D7117CC0}"
EndProject
Project("{FAE04EC0-301F-11D3-BF4B-00C04F79EFBC}") = "BangaloreUniversityTests", "Exam and Preparation\Judge Exam Preparation\Bangalore University 23.08.2015\BangaloreUniversityTests\BangaloreUniversityTests.csproj", "{13B262A0-DDE7-45E7-9F38-75B58810621C}"
EndProject
Project("{FAE04EC0-301F-11D3-BF4B-00C04F79EFBC}") = "BoatRacingSimulator", "Exam and Preparation\Judge Exam Preparation\Boat Racing Simulator 10.03.2016\BoatRacingSimulator\BoatRacingSimulator.csproj", "{3A39D99D-2328-430F-B965-6A08D1169B82}"
EndProject
Project("{FAE04EC0-301F-11D3-BF4B-00C04F79EFBC}") = "BoatTesting", "Exam and Preparation\Judge Exam Preparation\Boat Racing Simulator 10.03.2016\BoatTesting\BoatTesting.csproj", "{E62592D2-49E8-4337-9BDA-183580F8F280}"
EndProject
Project("{FAE04EC0-301F-11D3-BF4B-00C04F79EFBC}") = "TheatreApp", "Exam and Preparation\Judge Exam Preparation\Theathre 23.01.2015\Theatre\TheatreApp.csproj", "{94F3D43F-0B18-46B3-9017-7D3B247756F1}"
EndProject
Project("{FAE04EC0-301F-11D3-BF4B-00C04F79EFBC}") = "ThreatreTest", "Exam and Preparation\Judge Exam Preparation\Theathre 23.01.2015\ThreatreTest\ThreatreTest.csproj", "{6CB2DE1D-DA17-426D-8A4E-CFD1210386CC}"
EndProject
Global
	GlobalSection(SolutionConfigurationPlatforms) = preSolution
		Debug|Any CPU = Debug|Any CPU
		Release|Any CPU = Release|Any CPU
	EndGlobalSection
	GlobalSection(ProjectConfigurationPlatforms) = postSolution
		{E2B7BED8-5433-40ED-9870-4E775782E5ED}.Debug|Any CPU.ActiveCfg = Debug|Any CPU
		{E2B7BED8-5433-40ED-9870-4E775782E5ED}.Debug|Any CPU.Build.0 = Debug|Any CPU
		{E2B7BED8-5433-40ED-9870-4E775782E5ED}.Release|Any CPU.ActiveCfg = Release|Any CPU
		{E2B7BED8-5433-40ED-9870-4E775782E5ED}.Release|Any CPU.Build.0 = Release|Any CPU
		{F93E5A43-0119-4961-B21C-BDF4A1FBE9AD}.Debug|Any CPU.ActiveCfg = Debug|Any CPU
		{F93E5A43-0119-4961-B21C-BDF4A1FBE9AD}.Debug|Any CPU.Build.0 = Debug|Any CPU
		{F93E5A43-0119-4961-B21C-BDF4A1FBE9AD}.Release|Any CPU.ActiveCfg = Release|Any CPU
		{F93E5A43-0119-4961-B21C-BDF4A1FBE9AD}.Release|Any CPU.Build.0 = Release|Any CPU
		{32FFFB9D-C7B7-4D0B-9392-231F62595912}.Debug|Any CPU.ActiveCfg = Debug|Any CPU
		{32FFFB9D-C7B7-4D0B-9392-231F62595912}.Debug|Any CPU.Build.0 = Debug|Any CPU
		{32FFFB9D-C7B7-4D0B-9392-231F62595912}.Release|Any CPU.ActiveCfg = Release|Any CPU
		{32FFFB9D-C7B7-4D0B-9392-231F62595912}.Release|Any CPU.Build.0 = Release|Any CPU
		{FCFBAF44-E577-4F25-ACA4-5527E41815D6}.Debug|Any CPU.ActiveCfg = Debug|Any CPU
		{FCFBAF44-E577-4F25-ACA4-5527E41815D6}.Debug|Any CPU.Build.0 = Debug|Any CPU
		{FCFBAF44-E577-4F25-ACA4-5527E41815D6}.Release|Any CPU.ActiveCfg = Release|Any CPU
		{FCFBAF44-E577-4F25-ACA4-5527E41815D6}.Release|Any CPU.Build.0 = Release|Any CPU
		{66482B32-AA4C-4FE4-A35F-00030B61F64A}.Debug|Any CPU.ActiveCfg = Debug|Any CPU
		{66482B32-AA4C-4FE4-A35F-00030B61F64A}.Debug|Any CPU.Build.0 = Debug|Any CPU
		{66482B32-AA4C-4FE4-A35F-00030B61F64A}.Release|Any CPU.ActiveCfg = Release|Any CPU
		{66482B32-AA4C-4FE4-A35F-00030B61F64A}.Release|Any CPU.Build.0 = Release|Any CPU
		{1429F91C-D860-4F06-86BC-68338CBEACA9}.Debug|Any CPU.ActiveCfg = Debug|Any CPU
		{1429F91C-D860-4F06-86BC-68338CBEACA9}.Debug|Any CPU.Build.0 = Debug|Any CPU
		{1429F91C-D860-4F06-86BC-68338CBEACA9}.Release|Any CPU.ActiveCfg = Release|Any CPU
		{1429F91C-D860-4F06-86BC-68338CBEACA9}.Release|Any CPU.Build.0 = Release|Any CPU
		{41C6AD9F-4984-4067-B87D-349BE7234487}.Debug|Any CPU.ActiveCfg = Debug|Any CPU
		{41C6AD9F-4984-4067-B87D-349BE7234487}.Debug|Any CPU.Build.0 = Debug|Any CPU
		{41C6AD9F-4984-4067-B87D-349BE7234487}.Release|Any CPU.ActiveCfg = Release|Any CPU
		{41C6AD9F-4984-4067-B87D-349BE7234487}.Release|Any CPU.Build.0 = Release|Any CPU
		{565314C2-C337-4AC7-BD7B-5EE133E53097}.Debug|Any CPU.ActiveCfg = Debug|Any CPU
		{565314C2-C337-4AC7-BD7B-5EE133E53097}.Debug|Any CPU.Build.0 = Debug|Any CPU
		{565314C2-C337-4AC7-BD7B-5EE133E53097}.Release|Any CPU.ActiveCfg = Release|Any CPU
		{565314C2-C337-4AC7-BD7B-5EE133E53097}.Release|Any CPU.Build.0 = Release|Any CPU
		{2730A86B-F565-4276-8925-A36BC8A987AF}.Debug|Any CPU.ActiveCfg = Debug|Any CPU
		{2730A86B-F565-4276-8925-A36BC8A987AF}.Debug|Any CPU.Build.0 = Debug|Any CPU
		{2730A86B-F565-4276-8925-A36BC8A987AF}.Release|Any CPU.ActiveCfg = Release|Any CPU
		{2730A86B-F565-4276-8925-A36BC8A987AF}.Release|Any CPU.Build.0 = Release|Any CPU
		{C041AAA8-7BA0-4385-A678-1D9003C1952D}.Debug|Any CPU.ActiveCfg = Debug|Any CPU
		{C041AAA8-7BA0-4385-A678-1D9003C1952D}.Debug|Any CPU.Build.0 = Debug|Any CPU
		{C041AAA8-7BA0-4385-A678-1D9003C1952D}.Release|Any CPU.ActiveCfg = Release|Any CPU
		{C041AAA8-7BA0-4385-A678-1D9003C1952D}.Release|Any CPU.Build.0 = Release|Any CPU
		{E2BD3DC8-7DD6-4349-BEAA-7A0BC38846DE}.Debug|Any CPU.ActiveCfg = Debug|Any CPU
		{E2BD3DC8-7DD6-4349-BEAA-7A0BC38846DE}.Debug|Any CPU.Build.0 = Debug|Any CPU
		{E2BD3DC8-7DD6-4349-BEAA-7A0BC38846DE}.Release|Any CPU.ActiveCfg = Release|Any CPU
		{E2BD3DC8-7DD6-4349-BEAA-7A0BC38846DE}.Release|Any CPU.Build.0 = Release|Any CPU
		{268AEC63-DABA-4607-8E60-997E09EB5F2C}.Debug|Any CPU.ActiveCfg = Debug|Any CPU
		{268AEC63-DABA-4607-8E60-997E09EB5F2C}.Debug|Any CPU.Build.0 = Debug|Any CPU
		{268AEC63-DABA-4607-8E60-997E09EB5F2C}.Release|Any CPU.ActiveCfg = Release|Any CPU
		{268AEC63-DABA-4607-8E60-997E09EB5F2C}.Release|Any CPU.Build.0 = Release|Any CPU
		{CC40B053-CC90-4956-8591-01AC016C3188}.Debug|Any CPU.ActiveCfg = Debug|Any CPU
		{CC40B053-CC90-4956-8591-01AC016C3188}.Debug|Any CPU.Build.0 = Debug|Any CPU
		{CC40B053-CC90-4956-8591-01AC016C3188}.Release|Any CPU.ActiveCfg = Release|Any CPU
		{CC40B053-CC90-4956-8591-01AC016C3188}.Release|Any CPU.Build.0 = Release|Any CPU
		{840DED57-5767-4E3F-BCF1-CF91ECDFA1C8}.Debug|Any CPU.ActiveCfg = Debug|Any CPU
		{840DED57-5767-4E3F-BCF1-CF91ECDFA1C8}.Debug|Any CPU.Build.0 = Debug|Any CPU
		{840DED57-5767-4E3F-BCF1-CF91ECDFA1C8}.Release|Any CPU.ActiveCfg = Release|Any CPU
		{840DED57-5767-4E3F-BCF1-CF91ECDFA1C8}.Release|Any CPU.Build.0 = Release|Any CPU
		{DB5812C6-8809-432A-938B-BEDD67FFAF79}.Debug|Any CPU.ActiveCfg = Debug|Any CPU
		{DB5812C6-8809-432A-938B-BEDD67FFAF79}.Debug|Any CPU.Build.0 = Debug|Any CPU
		{DB5812C6-8809-432A-938B-BEDD67FFAF79}.Release|Any CPU.ActiveCfg = Release|Any CPU
		{DB5812C6-8809-432A-938B-BEDD67FFAF79}.Release|Any CPU.Build.0 = Release|Any CPU
		{2F30E9AF-8256-40AF-B356-EA14E55CE9D7}.Debug|Any CPU.ActiveCfg = Debug|Any CPU
		{2F30E9AF-8256-40AF-B356-EA14E55CE9D7}.Debug|Any CPU.Build.0 = Debug|Any CPU
		{2F30E9AF-8256-40AF-B356-EA14E55CE9D7}.Release|Any CPU.ActiveCfg = Release|Any CPU
		{2F30E9AF-8256-40AF-B356-EA14E55CE9D7}.Release|Any CPU.Build.0 = Release|Any CPU
		{7CF30770-E68A-4DCE-ABE0-CE7E5B196A6C}.Debug|Any CPU.ActiveCfg = Debug|Any CPU
		{7CF30770-E68A-4DCE-ABE0-CE7E5B196A6C}.Debug|Any CPU.Build.0 = Debug|Any CPU
		{7CF30770-E68A-4DCE-ABE0-CE7E5B196A6C}.Release|Any CPU.ActiveCfg = Release|Any CPU
		{7CF30770-E68A-4DCE-ABE0-CE7E5B196A6C}.Release|Any CPU.Build.0 = Release|Any CPU
		{70DB8E78-8C21-41F9-AE1E-49BB199ADEA5}.Debug|Any CPU.ActiveCfg = Debug|Any CPU
		{70DB8E78-8C21-41F9-AE1E-49BB199ADEA5}.Debug|Any CPU.Build.0 = Debug|Any CPU
		{70DB8E78-8C21-41F9-AE1E-49BB199ADEA5}.Release|Any CPU.ActiveCfg = Release|Any CPU
		{70DB8E78-8C21-41F9-AE1E-49BB199ADEA5}.Release|Any CPU.Build.0 = Release|Any CPU
		{6100D0AB-3FD6-4671-A6EF-599DA7D0EC69}.Debug|Any CPU.ActiveCfg = Debug|Any CPU
		{6100D0AB-3FD6-4671-A6EF-599DA7D0EC69}.Debug|Any CPU.Build.0 = Debug|Any CPU
		{6100D0AB-3FD6-4671-A6EF-599DA7D0EC69}.Release|Any CPU.ActiveCfg = Release|Any CPU
		{6100D0AB-3FD6-4671-A6EF-599DA7D0EC69}.Release|Any CPU.Build.0 = Release|Any CPU
		{D76A4DAE-A496-4BDE-ACB7-F2E628CB6605}.Debug|Any CPU.ActiveCfg = Debug|Any CPU
		{D76A4DAE-A496-4BDE-ACB7-F2E628CB6605}.Debug|Any CPU.Build.0 = Debug|Any CPU
		{D76A4DAE-A496-4BDE-ACB7-F2E628CB6605}.Release|Any CPU.ActiveCfg = Release|Any CPU
		{D76A4DAE-A496-4BDE-ACB7-F2E628CB6605}.Release|Any CPU.Build.0 = Release|Any CPU
		{9E9C1E91-0035-40BD-9EF4-B0FF557D3AFD}.Debug|Any CPU.ActiveCfg = Debug|Any CPU
		{9E9C1E91-0035-40BD-9EF4-B0FF557D3AFD}.Debug|Any CPU.Build.0 = Debug|Any CPU
		{9E9C1E91-0035-40BD-9EF4-B0FF557D3AFD}.Release|Any CPU.ActiveCfg = Release|Any CPU
		{9E9C1E91-0035-40BD-9EF4-B0FF557D3AFD}.Release|Any CPU.Build.0 = Release|Any CPU
		{0A0B12FB-FF29-4BDA-B326-7A8C78C116EA}.Debug|Any CPU.ActiveCfg = Debug|Any CPU
		{0A0B12FB-FF29-4BDA-B326-7A8C78C116EA}.Debug|Any CPU.Build.0 = Debug|Any CPU
		{0A0B12FB-FF29-4BDA-B326-7A8C78C116EA}.Release|Any CPU.ActiveCfg = Release|Any CPU
		{0A0B12FB-FF29-4BDA-B326-7A8C78C116EA}.Release|Any CPU.Build.0 = Release|Any CPU
		{AB5CD720-F2E9-48DA-BF4C-9CC69F369F2E}.Debug|Any CPU.ActiveCfg = Debug|Any CPU
		{AB5CD720-F2E9-48DA-BF4C-9CC69F369F2E}.Debug|Any CPU.Build.0 = Debug|Any CPU
		{AB5CD720-F2E9-48DA-BF4C-9CC69F369F2E}.Release|Any CPU.ActiveCfg = Release|Any CPU
		{AB5CD720-F2E9-48DA-BF4C-9CC69F369F2E}.Release|Any CPU.Build.0 = Release|Any CPU
		{6F364073-495F-4503-93ED-DBE74E6BF918}.Debug|Any CPU.ActiveCfg = Debug|Any CPU
		{6F364073-495F-4503-93ED-DBE74E6BF918}.Debug|Any CPU.Build.0 = Debug|Any CPU
		{6F364073-495F-4503-93ED-DBE74E6BF918}.Release|Any CPU.ActiveCfg = Release|Any CPU
		{6F364073-495F-4503-93ED-DBE74E6BF918}.Release|Any CPU.Build.0 = Release|Any CPU
		{45C30131-BED7-4495-86EF-09FF9C4E7193}.Debug|Any CPU.ActiveCfg = Debug|Any CPU
		{45C30131-BED7-4495-86EF-09FF9C4E7193}.Debug|Any CPU.Build.0 = Debug|Any CPU
		{45C30131-BED7-4495-86EF-09FF9C4E7193}.Release|Any CPU.ActiveCfg = Release|Any CPU
		{45C30131-BED7-4495-86EF-09FF9C4E7193}.Release|Any CPU.Build.0 = Release|Any CPU
		{C70CD24F-A17F-4665-A816-6FE3D7117CC0}.Debug|Any CPU.ActiveCfg = Debug|Any CPU
		{C70CD24F-A17F-4665-A816-6FE3D7117CC0}.Debug|Any CPU.Build.0 = Debug|Any CPU
		{C70CD24F-A17F-4665-A816-6FE3D7117CC0}.Release|Any CPU.ActiveCfg = Release|Any CPU
		{C70CD24F-A17F-4665-A816-6FE3D7117CC0}.Release|Any CPU.Build.0 = Release|Any CPU
		{13B262A0-DDE7-45E7-9F38-75B58810621C}.Debug|Any CPU.ActiveCfg = Debug|Any CPU
		{13B262A0-DDE7-45E7-9F38-75B58810621C}.Debug|Any CPU.Build.0 = Debug|Any CPU
		{13B262A0-DDE7-45E7-9F38-75B58810621C}.Release|Any CPU.ActiveCfg = Release|Any CPU
		{13B262A0-DDE7-45E7-9F38-75B58810621C}.Release|Any CPU.Build.0 = Release|Any CPU
		{3A39D99D-2328-430F-B965-6A08D1169B82}.Debug|Any CPU.ActiveCfg = Debug|Any CPU
		{3A39D99D-2328-430F-B965-6A08D1169B82}.Debug|Any CPU.Build.0 = Debug|Any CPU
		{3A39D99D-2328-430F-B965-6A08D1169B82}.Release|Any CPU.ActiveCfg = Release|Any CPU
		{3A39D99D-2328-430F-B965-6A08D1169B82}.Release|Any CPU.Build.0 = Release|Any CPU
		{E62592D2-49E8-4337-9BDA-183580F8F280}.Debug|Any CPU.ActiveCfg = Debug|Any CPU
		{E62592D2-49E8-4337-9BDA-183580F8F280}.Debug|Any CPU.Build.0 = Debug|Any CPU
		{E62592D2-49E8-4337-9BDA-183580F8F280}.Release|Any CPU.ActiveCfg = Release|Any CPU
		{E62592D2-49E8-4337-9BDA-183580F8F280}.Release|Any CPU.Build.0 = Release|Any CPU
		{94F3D43F-0B18-46B3-9017-7D3B247756F1}.Debug|Any CPU.ActiveCfg = Debug|Any CPU
		{94F3D43F-0B18-46B3-9017-7D3B247756F1}.Debug|Any CPU.Build.0 = Debug|Any CPU
		{94F3D43F-0B18-46B3-9017-7D3B247756F1}.Release|Any CPU.ActiveCfg = Release|Any CPU
		{94F3D43F-0B18-46B3-9017-7D3B247756F1}.Release|Any CPU.Build.0 = Release|Any CPU
		{6CB2DE1D-DA17-426D-8A4E-CFD1210386CC}.Debug|Any CPU.ActiveCfg = Debug|Any CPU
		{6CB2DE1D-DA17-426D-8A4E-CFD1210386CC}.Debug|Any CPU.Build.0 = Debug|Any CPU
		{6CB2DE1D-DA17-426D-8A4E-CFD1210386CC}.Release|Any CPU.ActiveCfg = Release|Any CPU
		{6CB2DE1D-DA17-426D-8A4E-CFD1210386CC}.Release|Any CPU.Build.0 = Release|Any CPU
	EndGlobalSection
	GlobalSection(SolutionProperties) = preSolution
		HideSolutionNode = FALSE
	EndGlobalSection
	GlobalSection(NestedProjects) = preSolution
		{B40C4042-BF22-4AB0-83A9-21EFD24028E9} = {D8352C0E-04AC-4C59-B471-10520FABF1FD}
		{DA94A691-800F-40EA-B2C1-38DCF11A5CCA} = {B40C4042-BF22-4AB0-83A9-21EFD24028E9}
		{D2F2D319-6D41-4225-B0E0-4C79B0F95A09} = {B40C4042-BF22-4AB0-83A9-21EFD24028E9}
		{E2B7BED8-5433-40ED-9870-4E775782E5ED} = {DA94A691-800F-40EA-B2C1-38DCF11A5CCA}
		{F93E5A43-0119-4961-B21C-BDF4A1FBE9AD} = {DA94A691-800F-40EA-B2C1-38DCF11A5CCA}
		{32FFFB9D-C7B7-4D0B-9392-231F62595912} = {DA94A691-800F-40EA-B2C1-38DCF11A5CCA}
		{FCFBAF44-E577-4F25-ACA4-5527E41815D6} = {D2F2D319-6D41-4225-B0E0-4C79B0F95A09}
		{66482B32-AA4C-4FE4-A35F-00030B61F64A} = {D2F2D319-6D41-4225-B0E0-4C79B0F95A09}
		{1429F91C-D860-4F06-86BC-68338CBEACA9} = {D2F2D319-6D41-4225-B0E0-4C79B0F95A09}
		{EC38B534-CC00-4B9D-8DA5-8CA8F31BDCCB} = {D8352C0E-04AC-4C59-B471-10520FABF1FD}
		{D3B93B35-735F-4A28-B962-93040B71FDE4} = {EC38B534-CC00-4B9D-8DA5-8CA8F31BDCCB}
		{1C596226-6602-482E-9BB1-097C18F90860} = {EC38B534-CC00-4B9D-8DA5-8CA8F31BDCCB}
		{41C6AD9F-4984-4067-B87D-349BE7234487} = {D3B93B35-735F-4A28-B962-93040B71FDE4}
		{565314C2-C337-4AC7-BD7B-5EE133E53097} = {1C596226-6602-482E-9BB1-097C18F90860}
		{E4466A1E-62B3-49E7-B544-C88034F9A67C} = {D8352C0E-04AC-4C59-B471-10520FABF1FD}
		{2730A86B-F565-4276-8925-A36BC8A987AF} = {E4466A1E-62B3-49E7-B544-C88034F9A67C}
		{B547742C-2D9B-4924-9A17-DA72A3AFCB58} = {D8352C0E-04AC-4C59-B471-10520FABF1FD}
		{C041AAA8-7BA0-4385-A678-1D9003C1952D} = {B547742C-2D9B-4924-9A17-DA72A3AFCB58}
		{4D8A8081-2E75-4CF7-BB32-060FC484FC97} = {D8352C0E-04AC-4C59-B471-10520FABF1FD}
		{E2BD3DC8-7DD6-4349-BEAA-7A0BC38846DE} = {4D8A8081-2E75-4CF7-BB32-060FC484FC97}
		{268AEC63-DABA-4607-8E60-997E09EB5F2C} = {4D8A8081-2E75-4CF7-BB32-060FC484FC97}
		{CC40B053-CC90-4956-8591-01AC016C3188} = {4D8A8081-2E75-4CF7-BB32-060FC484FC97}
		{BE5C2FB1-2571-482A-AF44-61724A57DCFA} = {D8352C0E-04AC-4C59-B471-10520FABF1FD}
		{840DED57-5767-4E3F-BCF1-CF91ECDFA1C8} = {BE5C2FB1-2571-482A-AF44-61724A57DCFA}
		{DB5812C6-8809-432A-938B-BEDD67FFAF79} = {BE5C2FB1-2571-482A-AF44-61724A57DCFA}
		{A9A3F4DD-353D-4E62-9014-4B202B1267A9} = {D8352C0E-04AC-4C59-B471-10520FABF1FD}
		{2F30E9AF-8256-40AF-B356-EA14E55CE9D7} = {A9A3F4DD-353D-4E62-9014-4B202B1267A9}
		{7CF30770-E68A-4DCE-ABE0-CE7E5B196A6C} = {A9A3F4DD-353D-4E62-9014-4B202B1267A9}
		{70DB8E78-8C21-41F9-AE1E-49BB199ADEA5} = {A9A3F4DD-353D-4E62-9014-4B202B1267A9}
		{6100D0AB-3FD6-4671-A6EF-599DA7D0EC69} = {A9A3F4DD-353D-4E62-9014-4B202B1267A9}
		{2104FDED-821B-468F-8194-8279DC95A681} = {D8352C0E-04AC-4C59-B471-10520FABF1FD}
		{D76A4DAE-A496-4BDE-ACB7-F2E628CB6605} = {2104FDED-821B-468F-8194-8279DC95A681}
		{9E9C1E91-0035-40BD-9EF4-B0FF557D3AFD} = {2104FDED-821B-468F-8194-8279DC95A681}
		{BC1DDF9F-1A62-4AD5-A21A-56116E093BC3} = {D8352C0E-04AC-4C59-B471-10520FABF1FD}
		{0A0B12FB-FF29-4BDA-B326-7A8C78C116EA} = {BC1DDF9F-1A62-4AD5-A21A-56116E093BC3}
		{F5704C42-7351-48E7-B7EB-B1B2C2DD683B} = {B1A04EA4-933C-43C2-A998-5721B81FA065}
		{C9A3BE09-3606-4CEC-9193-FDB8EEDE426C} = {B1A04EA4-933C-43C2-A998-5721B81FA065}
		{AB5CD720-F2E9-48DA-BF4C-9CC69F369F2E} = {F5704C42-7351-48E7-B7EB-B1B2C2DD683B}
		{6F364073-495F-4503-93ED-DBE74E6BF918} = {F5704C42-7351-48E7-B7EB-B1B2C2DD683B}
		{45C30131-BED7-4495-86EF-09FF9C4E7193} = {C9A3BE09-3606-4CEC-9193-FDB8EEDE426C}
		{C70CD24F-A17F-4665-A816-6FE3D7117CC0} = {C9A3BE09-3606-4CEC-9193-FDB8EEDE426C}
		{13B262A0-DDE7-45E7-9F38-75B58810621C} = {C9A3BE09-3606-4CEC-9193-FDB8EEDE426C}
		{3A39D99D-2328-430F-B965-6A08D1169B82} = {C9A3BE09-3606-4CEC-9193-FDB8EEDE426C}
		{E62592D2-49E8-4337-9BDA-183580F8F280} = {C9A3BE09-3606-4CEC-9193-FDB8EEDE426C}
		{94F3D43F-0B18-46B3-9017-7D3B247756F1} = {C9A3BE09-3606-4CEC-9193-FDB8EEDE426C}
		{6CB2DE1D-DA17-426D-8A4E-CFD1210386CC} = {C9A3BE09-3606-4CEC-9193-FDB8EEDE426C}
	EndGlobalSection
EndGlobal
